
Microsoft Visual Studio Solution File, Format Version 11.00
# Visual Studio 2010
Project("{8BC9CEB8-8B4A-11D0-8D11-00A0C91BC942}") = "RZRQServer", "RZRQServer.vcxproj", "{6019F048-A5DD-433F-A063-5C920A1C7B37}"
EndProject
Global
	GlobalSection(SolutionConfigurationPlatforms) = preSolution
		Debug|Win32 = Debug|Win32
		Release|Win32 = Release|Win32
	EndGlobalSection
	GlobalSection(ProjectConfigurationPlatforms) = postSolution
		{6019F048-A5DD-433F-A063-5C920A1C7B37}.Debug|Win32.ActiveCfg = Debug|Win32
		{6019F048-A5DD-433F-A063-5C920A1C7B37}.Debug|Win32.Build.0 = Debug|Win32
		{6019F048-A5DD-433F-A063-5C920A1C7B37}.Release|Win32.ActiveCfg = Release|Win32
		{6019F048-A5DD-433F-A063-5C920A1C7B37}.Release|Win32.Build.0 = Release|Win32
	EndGlobalSection
	GlobalSection(SolutionProperties) = preSolution
		HideSolutionNode = FALSE
	EndGlobalSection
EndGlobal
